Microsoft Visual Studio Solution File, Format Version 12.00
# Visual Studio Version 17
VisualStudioVersion = 17.5.2.0
MinimumVisualStudioVersion = 10.0.40219.1
Project("{FAE04EC0-301F-11D3-BF4B-00C04F79EFBC}") = "listaEstudo", "listaEstudo.csproj", "{A55050C9-F5CF-FF0C-6B70-6F9E26F74699}"
EndProject
Global
	GlobalSection(SolutionConfigurationPlatforms) = preSolution
		Debug|Any CPU = Debug|Any CPU
		Release|Any CPU = Release|Any CPU
	EndGlobalSection
	GlobalSection(ProjectConfigurationPlatforms) = postSolution
		{A55050C9-F5CF-FF0C-6B70-6F9E26F74699}.Debug|Any CPU.ActiveCfg = Debug|Any CPU
		{A55050C9-F5CF-FF0C-6B70-6F9E26F74699}.Debug|Any CPU.Build.0 = Debug|Any CPU
		{A55050C9-F5CF-FF0C-6B70-6F9E26F74699}.Release|Any CPU.ActiveCfg = Release|Any CPU
		{A55050C9-F5CF-FF0C-6B70-6F9E26F74699}.Release|Any CPU.Build.0 = Release|Any CPU
	EndGlobalSection
	GlobalSection(SolutionProperties) = preSolution
		HideSolutionNode = FALSE
	EndGlobalSection
	GlobalSection(ExtensibilityGlobals) = postSolution
		SolutionGuid = {088C8B29-D847-406E-837F-CE25FD30C7F6}
	EndGlobalSection
EndGlobal
